
Microsoft Visual Studio Solution File, Format Version 12.00
# Visual Studio Version 16
VisualStudioVersion = 16.0.30709.64
MinimumVisualStudioVersion = 10.0.40219.1
Project("{9A19103F-16F7-4668-BE54-9A1E7A4F7556}") = "Api", "src\Api\Api.csproj", "{51AAFDA8-363E-43E9-A8C0-DF9E87171CA2}"
EndProject
Project("{2150E333-8FDC-42A3-9474-1A3956D46DE8}") = "Solution Items", "Solution Items", "{68AD98A7-F326-4927-AD1B-5BDE8F4A9DB1}"
	ProjectSection(SolutionItems) = preProject
		LICENSE = LICENSE
		README.md = README.md
	EndProjectSection
EndProject
Global
	GlobalSection(SolutionConfigurationPlatforms) = preSolution
		Debug|Any CPU = Debug|Any CPU
		Release|Any CPU = Release|Any CPU
	EndGlobalSection
	GlobalSection(ProjectConfigurationPlatforms) = postSolution
		{51AAFDA8-363E-43E9-A8C0-DF9E87171CA2}.Debug|Any CPU.ActiveCfg = Debug|Any CPU
		{51AAFDA8-363E-43E9-A8C0-DF9E87171CA2}.Debug|Any CPU.Build.0 = Debug|Any CPU
		{51AAFDA8-363E-43E9-A8C0-DF9E87171CA2}.Release|Any CPU.ActiveCfg = Release|Any CPU
		{51AAFDA8-363E-43E9-A8C0-DF9E87171CA2}.Release|Any CPU.Build.0 = Release|Any CPU
	EndGlobalSection
	GlobalSection(SolutionProperties) = preSolution
		HideSolutionNode = FALSE
	EndGlobalSection
	GlobalSection(ExtensibilityGlobals) = postSolution
		SolutionGuid = {9DFFC71B-D70D-4D6A-B125-A43EC061FA36}
	EndGlobalSection
EndGlobal
